{
  "name": "solitaire",
  "version": "0.0.0",
  "lockfileVersion": 1,
  "requires": true,
  "dependencies": {
    "karma-teamcity-reporter": {
      "version": "1.0.1",
      "resolved": "https://registry.npmjs.org/karma-teamcity-reporter/-/karma-teamcity-reporter-1.0.1.tgz",
      "integrity": "sha512-HRvRbiCJuwwfVK5Ju17x1+VribRMqoeVtOA71ZV2EWuzpzcNc2NYrbM8DFkefKbiJQ2wPcUTkUMuNtN2mNQXsA==",
      "dev": true
    }
  }
}
